
Microsoft Visual Studio Solution File, Format Version 11.00
# Visual Studio 2010
Project("{FAE04EC0-301F-11D3-BF4B-00C04F79EFBC}") = "Luobo74", "Assembly-CSharp.csproj", "{0B504E4B-0340-AF29-C65B-F98B88895DA0}"
EndProject
Project("{FAE04EC0-301F-11D3-BF4B-00C04F79EFBC}") = "Luobo74", "Assembly-CSharp-firstpass.csproj", "{6F1D76D5-4E73-3F1C-558E-C685C27C833F}"
EndProject
Project("{FAE04EC0-301F-11D3-BF4B-00C04F79EFBC}") = "Luobo74", "Assembly-CSharp-Editor.csproj", "{031ECF4E-F3BA-D8D1-BCBC-DEDDE47B5148}"
EndProject
Global
	GlobalSection(SolutionConfigurationPlatforms) = preSolution
		Debug|Any CPU = Debug|Any CPU
		Release|Any CPU = Release|Any CPU
	EndGlobalSection
	GlobalSection(ProjectConfigurationPlatforms) = postSolution
		{0B504E4B-0340-AF29-C65B-F98B88895DA0}.Debug|Any CPU.ActiveCfg = Debug|Any CPU
		{0B504E4B-0340-AF29-C65B-F98B88895DA0}.Debug|Any CPU.Build.0 = Debug|Any CPU
		{0B504E4B-0340-AF29-C65B-F98B88895DA0}.Release|Any CPU.ActiveCfg = Release|Any CPU
		{0B504E4B-0340-AF29-C65B-F98B88895DA0}.Release|Any CPU.Build.0 = Release|Any CPU
		{6F1D76D5-4E73-3F1C-558E-C685C27C833F}.Debug|Any CPU.ActiveCfg = Debug|Any CPU
		{6F1D76D5-4E73-3F1C-558E-C685C27C833F}.Debug|Any CPU.Build.0 = Debug|Any CPU
		{6F1D76D5-4E73-3F1C-558E-C685C27C833F}.Release|Any CPU.ActiveCfg = Release|Any CPU
		{6F1D76D5-4E73-3F1C-558E-C685C27C833F}.Release|Any CPU.Build.0 = Release|Any CPU
		{031ECF4E-F3BA-D8D1-BCBC-DEDDE47B5148}.Debug|Any CPU.ActiveCfg = Debug|Any CPU
		{031ECF4E-F3BA-D8D1-BCBC-DEDDE47B5148}.Debug|Any CPU.Build.0 = Debug|Any CPU
		{031ECF4E-F3BA-D8D1-BCBC-DEDDE47B5148}.Release|Any CPU.ActiveCfg = Release|Any CPU
		{031ECF4E-F3BA-D8D1-BCBC-DEDDE47B5148}.Release|Any CPU.Build.0 = Release|Any CPU
	EndGlobalSection
	GlobalSection(SolutionProperties) = preSolution
		HideSolutionNode = FALSE
	EndGlobalSection
	GlobalSection(MonoDevelopProperties) = preSolution
		StartupItem = Assembly-CSharp.csproj
	EndGlobalSection
EndGlobal
